
Microsoft Visual Studio Solution File, Format Version 12.00
# Visual Studio Version 17
VisualStudioVersion = 17.0.31912.275
MinimumVisualStudioVersion = 10.0.40219.1
Project("{FAE04EC0-301F-11D3-BF4B-00C04F79EFBC}") = "AGI", "AGI.csproj", "{DC24AE99-DA1E-4A42-8661-FE01139BEEA4}"
EndProject
Global
	GlobalSection(SolutionConfigurationPlatforms) = preSolution
		Debug|Any CPU = Debug|Any CPU
		Release|Any CPU = Release|Any CPU
	EndGlobalSection
	GlobalSection(ProjectConfigurationPlatforms) = postSolution
		{DC24AE99-DA1E-4A42-8661-FE01139BEEA4}.Debug|Any CPU.ActiveCfg = Debug|Any CPU
		{DC24AE99-DA1E-4A42-8661-FE01139BEEA4}.Debug|Any CPU.Build.0 = Debug|Any CPU
		{DC24AE99-DA1E-4A42-8661-FE01139BEEA4}.Release|Any CPU.ActiveCfg = Release|Any CPU
		{DC24AE99-DA1E-4A42-8661-FE01139BEEA4}.Release|Any CPU.Build.0 = Release|Any CPU
	EndGlobalSection
	GlobalSection(SolutionProperties) = preSolution
		HideSolutionNode = FALSE
	EndGlobalSection
	GlobalSection(ExtensibilityGlobals) = postSolution
		SolutionGuid = {72AF00C0-D7B8-4E1A-A8A3-AF85C58EDD51}
	EndGlobalSection
EndGlobal
